Microsoft Visual Studio Solution File, Format Version 11.00
# Visual Studio 2008

Project("{3E8952C3-0DCA-EFFA-7114-C46624C37EA6}") = "[Git] [Collab] Bison-Brawl", "Assembly-CSharp.csproj", "{A7A0FF81-C6E9-5F78-83E0-CAA01D8F8825}"
EndProject
Global
	GlobalSection(SolutionConfigurationPlatforms) = preSolution
		Debug|Any CPU = Debug|Any CPU
		Release|Any CPU = Release|Any CPU
	EndGlobalSection
	GlobalSection(ProjectConfigurationPlatforms) = postSolution
		{A7A0FF81-C6E9-5F78-83E0-CAA01D8F8825}.Debug|Any CPU.ActiveCfg = Debug|Any CPU
		{A7A0FF81-C6E9-5F78-83E0-CAA01D8F8825}.Debug|Any CPU.Build.0 = Debug|Any CPU
		{A7A0FF81-C6E9-5F78-83E0-CAA01D8F8825}.Release|Any CPU.ActiveCfg = Release|Any CPU
		{A7A0FF81-C6E9-5F78-83E0-CAA01D8F8825}.Release|Any CPU.Build.0 = Release|Any CPU
	EndGlobalSection
	GlobalSection(SolutionProperties) = preSolution
		HideSolutionNode = FALSE
	EndGlobalSection
	GlobalSection(MonoDevelopProperties) = preSolution
		StartupItem = Assembly-CSharp.csproj
	EndGlobalSection
EndGlobal
